
Microsoft Visual Studio Solution File, Format Version 12.00
# Visual Studio 2013
VisualStudioVersion = 12.0.30110.0
MinimumVisualStudioVersion = 10.0.40219.1
Project("{2150E333-8FDC-42A3-9474-1A3956D46DE8}") = ".nuget", ".nuget", "{09DEED55-B936-4C29-AC45-6844080C025D}"
	ProjectSection(SolutionItems) = preProject
		.nuget\NEventStore.Persistence.RavenDB.nuspec = .nuget\NEventStore.Persistence.RavenDB.nuspec
		.nuget\NuGet.Config = .nuget\NuGet.Config
		.nuget\NuGet.exe = .nuget\NuGet.exe
		.nuget\NuGet.targets = .nuget\NuGet.targets
	EndProjectSection
EndProject
Project("{FAE04EC0-301F-11D3-BF4B-00C04F79EFBC}") = "NEventStore", "..\dependencies\NEventStore\src\NEventStore\NEventStore.csproj", "{03946843-F343-419C-88EF-3E446D08DFA6}"
EndProject
Project("{FAE04EC0-301F-11D3-BF4B-00C04F79EFBC}") = "NEventStore.Persistence.AcceptanceTests", "..\dependencies\NEventStore\src\NEventStore.Persistence.AcceptanceTests\NEventStore.Persistence.AcceptanceTests.csproj", "{3FE594FE-16FF-4405-97D5-5A58FB12520B}"
EndProject
Project("{FAE04EC0-301F-11D3-BF4B-00C04F79EFBC}") = "NEventStore.Persistence.MongoDB", "NEventStore.Persistence.MongoDB\NEventStore.Persistence.MongoDB.csproj", "{32ADD8CE-0F3F-41D8-BFA1-6E5D685E64DD}"
EndProject
Project("{FAE04EC0-301F-11D3-BF4B-00C04F79EFBC}") = "NEventStore.Persistence.MongoDB.Tests", "NEventStore.Persistence.MongoDB.Tests\NEventStore.Persistence.MongoDB.Tests.csproj", "{49C544AF-02FB-4BE9-BDDF-79EB087E00C3}"
EndProject
Global
	GlobalSection(SolutionConfigurationPlatforms) = preSolution
		Debug|Any CPU = Debug|Any CPU
		Release|Any CPU = Release|Any CPU
	EndGlobalSection
	GlobalSection(ProjectConfigurationPlatforms) = postSolution
		{03946843-F343-419C-88EF-3E446D08DFA6}.Debug|Any CPU.ActiveCfg = Debug|Any CPU
		{03946843-F343-419C-88EF-3E446D08DFA6}.Debug|Any CPU.Build.0 = Debug|Any CPU
		{03946843-F343-419C-88EF-3E446D08DFA6}.Release|Any CPU.ActiveCfg = Release|Any CPU
		{03946843-F343-419C-88EF-3E446D08DFA6}.Release|Any CPU.Build.0 = Release|Any CPU
		{3FE594FE-16FF-4405-97D5-5A58FB12520B}.Debug|Any CPU.ActiveCfg = Debug|Any CPU
		{3FE594FE-16FF-4405-97D5-5A58FB12520B}.Debug|Any CPU.Build.0 = Debug|Any CPU
		{3FE594FE-16FF-4405-97D5-5A58FB12520B}.Release|Any CPU.ActiveCfg = Release|Any CPU
		{3FE594FE-16FF-4405-97D5-5A58FB12520B}.Release|Any CPU.Build.0 = Release|Any CPU
		{32ADD8CE-0F3F-41D8-BFA1-6E5D685E64DD}.Debug|Any CPU.ActiveCfg = Debug|Any CPU
		{32ADD8CE-0F3F-41D8-BFA1-6E5D685E64DD}.Debug|Any CPU.Build.0 = Debug|Any CPU
		{32ADD8CE-0F3F-41D8-BFA1-6E5D685E64DD}.Release|Any CPU.ActiveCfg = Release|Any CPU
		{32ADD8CE-0F3F-41D8-BFA1-6E5D685E64DD}.Release|Any CPU.Build.0 = Release|Any CPU
		{49C544AF-02FB-4BE9-BDDF-79EB087E00C3}.Debug|Any CPU.ActiveCfg = Debug|Any CPU
		{49C544AF-02FB-4BE9-BDDF-79EB087E00C3}.Debug|Any CPU.Build.0 = Debug|Any CPU
		{49C544AF-02FB-4BE9-BDDF-79EB087E00C3}.Release|Any CPU.ActiveCfg = Release|Any CPU
		{49C544AF-02FB-4BE9-BDDF-79EB087E00C3}.Release|Any CPU.Build.0 = Release|Any CPU
	EndGlobalSection
	GlobalSection(SolutionProperties) = preSolution
		HideSolutionNode = FALSE
	EndGlobalSection
EndGlobal
